
Microsoft Visual Studio Solution File, Format Version 12.00
# Visual Studio 15
Project("{FAE04EC0-301F-11D3-BF4B-00C04F79EFBC}") = "Assembly-CSharp", "Assembly-CSharp.csproj", "{1431483F-06A0-035F-62D6-3D7505B38037}"
EndProject
Project("{FAE04EC0-301F-11D3-BF4B-00C04F79EFBC}") = "AllIn1SpriteShaderAssembly", "AllIn1SpriteShaderAssembly.csproj", "{BE4A5554-EE87-1134-9D3C-DF09261D46BB}"
EndProject
Project("{FAE04EC0-301F-11D3-BF4B-00C04F79EFBC}") = "Febucci.TextAnimator.Runtime", "Febucci.TextAnimator.Runtime.csproj", "{22290922-CD65-1F80-4EFF-D00C158AEDC6}"
EndProject
Project("{FAE04EC0-301F-11D3-BF4B-00C04F79EFBC}") = "Febucci.TextAnimator.Demo.Runtime", "Febucci.TextAnimator.Demo.Runtime.csproj", "{023E048D-D814-70B9-9F33-7FFBB962F145}"
EndProject
Project("{FAE04EC0-301F-11D3-BF4B-00C04F79EFBC}") = "Febucci.TextAnimator.Editor", "Febucci.TextAnimator.Editor.csproj", "{1B5AF55A-20BB-5CAD-1FFF-2BB66BB9B59C}"
EndProject
Project("{FAE04EC0-301F-11D3-BF4B-00C04F79EFBC}") = "Febucci.TextAnimator.Demo.Editor", "Febucci.TextAnimator.Demo.Editor.csproj", "{5083456E-8B1C-F569-1622-E53A007CA382}"
EndProject
Project("{FAE04EC0-301F-11D3-BF4B-00C04F79EFBC}") = "Assembly-CSharp-Editor", "Assembly-CSharp-Editor.csproj", "{E8732CFD-E24C-1D22-2B4D-E35394AE268A}"
EndProject
Global
	GlobalSection(SolutionConfigurationPlatforms) = preSolution
		Debug|Any CPU = Debug|Any CPU
		Release|Any CPU = Release|Any CPU
	EndGlobalSection
	GlobalSection(ProjectConfigurationPlatforms) = postSolution
		{1431483F-06A0-035F-62D6-3D7505B38037}.Debug|Any CPU.ActiveCfg = Debug|Any CPU
		{1431483F-06A0-035F-62D6-3D7505B38037}.Debug|Any CPU.Build.0 = Debug|Any CPU
		{1431483F-06A0-035F-62D6-3D7505B38037}.Release|Any CPU.ActiveCfg = Release|Any CPU
		{1431483F-06A0-035F-62D6-3D7505B38037}.Release|Any CPU.Build.0 = Release|Any CPU
		{BE4A5554-EE87-1134-9D3C-DF09261D46BB}.Debug|Any CPU.ActiveCfg = Debug|Any CPU
		{BE4A5554-EE87-1134-9D3C-DF09261D46BB}.Debug|Any CPU.Build.0 = Debug|Any CPU
		{BE4A5554-EE87-1134-9D3C-DF09261D46BB}.Release|Any CPU.ActiveCfg = Release|Any CPU
		{BE4A5554-EE87-1134-9D3C-DF09261D46BB}.Release|Any CPU.Build.0 = Release|Any CPU
		{22290922-CD65-1F80-4EFF-D00C158AEDC6}.Debug|Any CPU.ActiveCfg = Debug|Any CPU
		{22290922-CD65-1F80-4EFF-D00C158AEDC6}.Debug|Any CPU.Build.0 = Debug|Any CPU
		{22290922-CD65-1F80-4EFF-D00C158AEDC6}.Release|Any CPU.ActiveCfg = Release|Any CPU
		{22290922-CD65-1F80-4EFF-D00C158AEDC6}.Release|Any CPU.Build.0 = Release|Any CPU
		{023E048D-D814-70B9-9F33-7FFBB962F145}.Debug|Any CPU.ActiveCfg = Debug|Any CPU
		{023E048D-D814-70B9-9F33-7FFBB962F145}.Debug|Any CPU.Build.0 = Debug|Any CPU
		{023E048D-D814-70B9-9F33-7FFBB962F145}.Release|Any CPU.ActiveCfg = Release|Any CPU
		{023E048D-D814-70B9-9F33-7FFBB962F145}.Release|Any CPU.Build.0 = Release|Any CPU
		{1B5AF55A-20BB-5CAD-1FFF-2BB66BB9B59C}.Debug|Any CPU.ActiveCfg = Debug|Any CPU
		{1B5AF55A-20BB-5CAD-1FFF-2BB66BB9B59C}.Debug|Any CPU.Build.0 = Debug|Any CPU
		{1B5AF55A-20BB-5CAD-1FFF-2BB66BB9B59C}.Release|Any CPU.ActiveCfg = Release|Any CPU
		{1B5AF55A-20BB-5CAD-1FFF-2BB66BB9B59C}.Release|Any CPU.Build.0 = Release|Any CPU
		{5083456E-8B1C-F569-1622-E53A007CA382}.Debug|Any CPU.ActiveCfg = Debug|Any CPU
		{5083456E-8B1C-F569-1622-E53A007CA382}.Debug|Any CPU.Build.0 = Debug|Any CPU
		{5083456E-8B1C-F569-1622-E53A007CA382}.Release|Any CPU.ActiveCfg = Release|Any CPU
		{5083456E-8B1C-F569-1622-E53A007CA382}.Release|Any CPU.Build.0 = Release|Any CPU
		{E8732CFD-E24C-1D22-2B4D-E35394AE268A}.Debug|Any CPU.ActiveCfg = Debug|Any CPU
		{E8732CFD-E24C-1D22-2B4D-E35394AE268A}.Debug|Any CPU.Build.0 = Debug|Any CPU
		{E8732CFD-E24C-1D22-2B4D-E35394AE268A}.Release|Any CPU.ActiveCfg = Release|Any CPU
		{E8732CFD-E24C-1D22-2B4D-E35394AE268A}.Release|Any CPU.Build.0 = Release|Any CPU
	EndGlobalSection
	GlobalSection(SolutionProperties) = preSolution
		HideSolutionNode = FALSE
	EndGlobalSection
EndGlobal
